
Microsoft Visual Studio Solution File, Format Version 12.00
# Visual Studio 15
VisualStudioVersion = 15.0.27428.2027
MinimumVisualStudioVersion = 10.0.40219.1
Project("{FAE04EC0-301F-11D3-BF4B-00C04F79EFBC}") = "FedericoAspNetEsercitazioni", "FedericoAspNetEsercitazioni\FedericoAspNetEsercitazioni.csproj", "{C0CE8BF3-E04B-4501-BE1A-411EA22180F4}"
EndProject
Project("{FAE04EC0-301F-11D3-BF4B-00C04F79EFBC}") = "FedericoAspNetEsercitazioni.Tests", "FedericoAspNetEsercitazioni.Tests\FedericoAspNetEsercitazioni.Tests.csproj", "{2F09D54A-1B8A-4DA3-9502-3D2F1CE57AEE}"
EndProject
Global
	GlobalSection(SolutionConfigurationPlatforms) = preSolution
		Debug|Any CPU = Debug|Any CPU
		Release|Any CPU = Release|Any CPU
	EndGlobalSection
	GlobalSection(ProjectConfigurationPlatforms) = postSolution
		{C0CE8BF3-E04B-4501-BE1A-411EA22180F4}.Debug|Any CPU.ActiveCfg = Debug|Any CPU
		{C0CE8BF3-E04B-4501-BE1A-411EA22180F4}.Debug|Any CPU.Build.0 = Debug|Any CPU
		{C0CE8BF3-E04B-4501-BE1A-411EA22180F4}.Release|Any CPU.ActiveCfg = Release|Any CPU
		{C0CE8BF3-E04B-4501-BE1A-411EA22180F4}.Release|Any CPU.Build.0 = Release|Any CPU
		{2F09D54A-1B8A-4DA3-9502-3D2F1CE57AEE}.Debug|Any CPU.ActiveCfg = Debug|Any CPU
		{2F09D54A-1B8A-4DA3-9502-3D2F1CE57AEE}.Debug|Any CPU.Build.0 = Debug|Any CPU
		{2F09D54A-1B8A-4DA3-9502-3D2F1CE57AEE}.Release|Any CPU.ActiveCfg = Release|Any CPU
		{2F09D54A-1B8A-4DA3-9502-3D2F1CE57AEE}.Release|Any CPU.Build.0 = Release|Any CPU
	EndGlobalSection
	GlobalSection(SolutionProperties) = preSolution
		HideSolutionNode = FALSE
	EndGlobalSection
	GlobalSection(ExtensibilityGlobals) = postSolution
		SolutionGuid = {00C4930C-E667-4866-8C63-92AB14454F52}
	EndGlobalSection
EndGlobal
